
Microsoft Visual Studio Solution File, Format Version 12.00
# Visual Studio Version 17
VisualStudioVersion = 17.9.34607.119
MinimumVisualStudioVersion = 10.0.40219.1
Project("{2150E333-8FDC-42A3-9474-1A3956D46DE8}") = "src", "src", "{78211E02-0716-48CB-9501-B47ACA7AF86E}"
EndProject
Project("{2150E333-8FDC-42A3-9474-1A3956D46DE8}") = "tests", "tests", "{C6DE1242-1035-428B-8B45-3FC0464641C5}"
EndProject
Project("{9A19103F-16F7-4668-BE54-9A1E7A4F7556}") = "AuthServer.IntegrationTests", "AuthServer.IntegrationTests\AuthServer.IntegrationTests.csproj", "{54D25690-E49F-4F6F-9762-47B51852BC9B}"
EndProject
Project("{9A19103F-16F7-4668-BE54-9A1E7A4F7556}") = "Presentation.Api", "Presentation.Api\Presentation.Api.csproj", "{CD93F1FD-E507-4689-979C-07F7689FEC24}"
EndProject
Project("{9A19103F-16F7-4668-BE54-9A1E7A4F7556}") = "Presentation.Jobs", "Presentation.Jobs\Presentation.Jobs.csproj", "{6362E6E8-1BA3-4FE1-A0F2-1A2413D5CB59}"
EndProject
Project("{9A19103F-16F7-4668-BE54-9A1E7A4F7556}") = "Application.Common", "Application.Common\Application.Common.csproj", "{3D8C759B-FE13-42D8-8765-6DEA3B66EBED}"
EndProject
Project("{9A19103F-16F7-4668-BE54-9A1E7A4F7556}") = "Application.Queries", "Application.Queries\Application.Queries.csproj", "{0F5F64B6-337D-494D-B943-C67314CB9030}"
EndProject
Project("{9A19103F-16F7-4668-BE54-9A1E7A4F7556}") = "Application.Commands", "Application.Commands\Application.Commands.csproj", "{B86D5A4A-9EEA-4FCD-A8AA-CA2DAB73CD10}"
EndProject
Project("{9A19103F-16F7-4668-BE54-9A1E7A4F7556}") = "Domain.User", "Domain.User\Domain.User.csproj", "{8B7067CD-7FE9-4B98-8A8B-7CD95A23F802}"
EndProject
Project("{2150E333-8FDC-42A3-9474-1A3956D46DE8}") = "Layer 0 - Domain", "Layer 0 - Domain", "{C9C96748-8559-4F55-8BB1-47C5FB149B53}"
EndProject
Project("{2150E333-8FDC-42A3-9474-1A3956D46DE8}") = "Layer 1 - Application", "Layer 1 - Application", "{3C506D4E-42C9-4EE8-A771-CC175D05DBE8}"
EndProject
Project("{2150E333-8FDC-42A3-9474-1A3956D46DE8}") = "Layer 2 - Presentation", "Layer 2 - Presentation", "{A479D0B2-CA20-4E43-9293-4B4C02D7380B}"
EndProject
Project("{2150E333-8FDC-42A3-9474-1A3956D46DE8}") = "Layer 2 - Infrastructure", "Layer 2 - Infrastructure", "{7809D4FB-1BDA-4862-845C-8B7DD6D66308}"
EndProject
Project("{2150E333-8FDC-42A3-9474-1A3956D46DE8}") = "Layer 3 - Configuration", "Layer 3 - Configuration", "{03367EA1-9566-4479-9233-AB9A0F18476F}"
EndProject
Project("{9A19103F-16F7-4668-BE54-9A1E7A4F7556}") = "Domain.Common", "Domain.Common\Domain.Common.csproj", "{BABF9CF2-FE48-4B01-9E1A-498CFB92F9F8}"
EndProject
Project("{9A19103F-16F7-4668-BE54-9A1E7A4F7556}") = "Configuration", "Configuration\Configuration.csproj", "{F0F95348-DE33-4A4F-8C02-6D379D27968B}"
EndProject
Project("{9A19103F-16F7-4668-BE54-9A1E7A4F7556}") = "Infrastructure.Repositories", "Infrastructure.Repositories\Infrastructure.Repositories.csproj", "{64F69564-9746-4E86-B51B-6CD5ED286B35}"
EndProject
Project("{2150E333-8FDC-42A3-9474-1A3956D46DE8}") = "deployment", "deployment", "{ED878155-4612-4937-9310-8478D0FC3F52}"
	ProjectSection(SolutionItems) = preProject
		docker-compose.yml = docker-compose.yml
	EndProjectSection
EndProject
Project("{FAE04EC0-301F-11D3-BF4B-00C04F79EFBC}") = "Domain.News", "Domain.News\Domain.News.csproj", "{3614E51E-5B63-46FB-A43E-4654FAF12A0F}"
Project("{FAE04EC0-301F-11D3-BF4B-00C04F79EFBC}") = "Infrastructure.RabbitMQ", "Infrastructure.RabbitMQ\Infrastructure.RabbitMQ.csproj", "{D52672E3-0563-4694-B1B8-18E823575C24}"
EndProject
Project("{FAE04EC0-301F-11D3-BF4B-00C04F79EFBC}") = "Domain.Time", "Domain.Time\Domain.Time.csproj", "{87FABCCD-B26D-4032-B3F4-D1FF39EC44D6}"
EndProject
Project("{FAE04EC0-301F-11D3-BF4B-00C04F79EFBC}") = "Domain.Stock", "Domain.Stock\Domain.Stock.csproj", "{7D7E6810-8EAE-4574-A70E-EF3EC3D7B2FC}"
EndProject
Project("{FAE04EC0-301F-11D3-BF4B-00C04F79EFBC}") = "Presentation.Consumers", "Presentation.Consumers\Presentation.Consumers.csproj", "{151493B7-5F6C-4EA0-BF77-8EAC8D1D5902}"
EndProject
Project("{FAE04EC0-301F-11D3-BF4B-00C04F79EFBC}") = "Domain.News", "Domain.News\Domain.News.csproj", "{1CF0997A-E5CC-434B-857C-D331D416A065}"
EndProject
Project("{FAE04EC0-301F-11D3-BF4B-00C04F79EFBC}") = "Domain.Portfolio", "Domain.Portfolio\Domain.Portfolio.csproj", "{824A6DFE-EFD2-4D8A-823C-C5A4BAF764F1}"
EndProject
Global
	GlobalSection(SolutionConfigurationPlatforms) = preSolution
		Debug|Any CPU = Debug|Any CPU
		Release|Any CPU = Release|Any CPU
	EndGlobalSection
	GlobalSection(ProjectConfigurationPlatforms) = postSolution
		{54D25690-E49F-4F6F-9762-47B51852BC9B}.Debug|Any CPU.ActiveCfg = Debug|Any CPU
		{54D25690-E49F-4F6F-9762-47B51852BC9B}.Debug|Any CPU.Build.0 = Debug|Any CPU
		{54D25690-E49F-4F6F-9762-47B51852BC9B}.Release|Any CPU.ActiveCfg = Release|Any CPU
		{54D25690-E49F-4F6F-9762-47B51852BC9B}.Release|Any CPU.Build.0 = Release|Any CPU
		{CD93F1FD-E507-4689-979C-07F7689FEC24}.Debug|Any CPU.ActiveCfg = Debug|Any CPU
		{CD93F1FD-E507-4689-979C-07F7689FEC24}.Debug|Any CPU.Build.0 = Debug|Any CPU
		{CD93F1FD-E507-4689-979C-07F7689FEC24}.Release|Any CPU.ActiveCfg = Release|Any CPU
		{CD93F1FD-E507-4689-979C-07F7689FEC24}.Release|Any CPU.Build.0 = Release|Any CPU
		{6362E6E8-1BA3-4FE1-A0F2-1A2413D5CB59}.Debug|Any CPU.ActiveCfg = Debug|Any CPU
		{6362E6E8-1BA3-4FE1-A0F2-1A2413D5CB59}.Debug|Any CPU.Build.0 = Debug|Any CPU
		{6362E6E8-1BA3-4FE1-A0F2-1A2413D5CB59}.Release|Any CPU.ActiveCfg = Release|Any CPU
		{6362E6E8-1BA3-4FE1-A0F2-1A2413D5CB59}.Release|Any CPU.Build.0 = Release|Any CPU
		{3D8C759B-FE13-42D8-8765-6DEA3B66EBED}.Debug|Any CPU.ActiveCfg = Debug|Any CPU
		{3D8C759B-FE13-42D8-8765-6DEA3B66EBED}.Debug|Any CPU.Build.0 = Debug|Any CPU
		{3D8C759B-FE13-42D8-8765-6DEA3B66EBED}.Release|Any CPU.ActiveCfg = Release|Any CPU
		{3D8C759B-FE13-42D8-8765-6DEA3B66EBED}.Release|Any CPU.Build.0 = Release|Any CPU
		{0F5F64B6-337D-494D-B943-C67314CB9030}.Debug|Any CPU.ActiveCfg = Debug|Any CPU
		{0F5F64B6-337D-494D-B943-C67314CB9030}.Debug|Any CPU.Build.0 = Debug|Any CPU
		{0F5F64B6-337D-494D-B943-C67314CB9030}.Release|Any CPU.ActiveCfg = Release|Any CPU
		{0F5F64B6-337D-494D-B943-C67314CB9030}.Release|Any CPU.Build.0 = Release|Any CPU
		{B86D5A4A-9EEA-4FCD-A8AA-CA2DAB73CD10}.Debug|Any CPU.ActiveCfg = Debug|Any CPU
		{B86D5A4A-9EEA-4FCD-A8AA-CA2DAB73CD10}.Debug|Any CPU.Build.0 = Debug|Any CPU
		{B86D5A4A-9EEA-4FCD-A8AA-CA2DAB73CD10}.Release|Any CPU.ActiveCfg = Release|Any CPU
		{B86D5A4A-9EEA-4FCD-A8AA-CA2DAB73CD10}.Release|Any CPU.Build.0 = Release|Any CPU
		{8B7067CD-7FE9-4B98-8A8B-7CD95A23F802}.Debug|Any CPU.ActiveCfg = Debug|Any CPU
		{8B7067CD-7FE9-4B98-8A8B-7CD95A23F802}.Debug|Any CPU.Build.0 = Debug|Any CPU
		{8B7067CD-7FE9-4B98-8A8B-7CD95A23F802}.Release|Any CPU.ActiveCfg = Release|Any CPU
		{8B7067CD-7FE9-4B98-8A8B-7CD95A23F802}.Release|Any CPU.Build.0 = Release|Any CPU
		{BABF9CF2-FE48-4B01-9E1A-498CFB92F9F8}.Debug|Any CPU.ActiveCfg = Debug|Any CPU
		{BABF9CF2-FE48-4B01-9E1A-498CFB92F9F8}.Debug|Any CPU.Build.0 = Debug|Any CPU
		{BABF9CF2-FE48-4B01-9E1A-498CFB92F9F8}.Release|Any CPU.ActiveCfg = Release|Any CPU
		{BABF9CF2-FE48-4B01-9E1A-498CFB92F9F8}.Release|Any CPU.Build.0 = Release|Any CPU
		{F0F95348-DE33-4A4F-8C02-6D379D27968B}.Debug|Any CPU.ActiveCfg = Debug|Any CPU
		{F0F95348-DE33-4A4F-8C02-6D379D27968B}.Debug|Any CPU.Build.0 = Debug|Any CPU
		{F0F95348-DE33-4A4F-8C02-6D379D27968B}.Release|Any CPU.ActiveCfg = Release|Any CPU
		{F0F95348-DE33-4A4F-8C02-6D379D27968B}.Release|Any CPU.Build.0 = Release|Any CPU
		{64F69564-9746-4E86-B51B-6CD5ED286B35}.Debug|Any CPU.ActiveCfg = Debug|Any CPU
		{64F69564-9746-4E86-B51B-6CD5ED286B35}.Debug|Any CPU.Build.0 = Debug|Any CPU
		{64F69564-9746-4E86-B51B-6CD5ED286B35}.Release|Any CPU.ActiveCfg = Release|Any CPU
		{64F69564-9746-4E86-B51B-6CD5ED286B35}.Release|Any CPU.Build.0 = Release|Any CPU
		{3614E51E-5B63-46FB-A43E-4654FAF12A0F}.Debug|Any CPU.ActiveCfg = Debug|Any CPU
		{3614E51E-5B63-46FB-A43E-4654FAF12A0F}.Debug|Any CPU.Build.0 = Debug|Any CPU
		{3614E51E-5B63-46FB-A43E-4654FAF12A0F}.Release|Any CPU.ActiveCfg = Release|Any CPU
		{3614E51E-5B63-46FB-A43E-4654FAF12A0F}.Release|Any CPU.Build.0 = Release|Any CPU
		{D52672E3-0563-4694-B1B8-18E823575C24}.Debug|Any CPU.ActiveCfg = Debug|Any CPU
		{D52672E3-0563-4694-B1B8-18E823575C24}.Debug|Any CPU.Build.0 = Debug|Any CPU
		{D52672E3-0563-4694-B1B8-18E823575C24}.Release|Any CPU.ActiveCfg = Release|Any CPU
		{D52672E3-0563-4694-B1B8-18E823575C24}.Release|Any CPU.Build.0 = Release|Any CPU
		{87FABCCD-B26D-4032-B3F4-D1FF39EC44D6}.Debug|Any CPU.ActiveCfg = Debug|Any CPU
		{87FABCCD-B26D-4032-B3F4-D1FF39EC44D6}.Debug|Any CPU.Build.0 = Debug|Any CPU
		{87FABCCD-B26D-4032-B3F4-D1FF39EC44D6}.Release|Any CPU.ActiveCfg = Release|Any CPU
		{87FABCCD-B26D-4032-B3F4-D1FF39EC44D6}.Release|Any CPU.Build.0 = Release|Any CPU
		{7D7E6810-8EAE-4574-A70E-EF3EC3D7B2FC}.Debug|Any CPU.ActiveCfg = Debug|Any CPU
		{7D7E6810-8EAE-4574-A70E-EF3EC3D7B2FC}.Debug|Any CPU.Build.0 = Debug|Any CPU
		{7D7E6810-8EAE-4574-A70E-EF3EC3D7B2FC}.Release|Any CPU.ActiveCfg = Release|Any CPU
		{7D7E6810-8EAE-4574-A70E-EF3EC3D7B2FC}.Release|Any CPU.Build.0 = Release|Any CPU
		{151493B7-5F6C-4EA0-BF77-8EAC8D1D5902}.Debug|Any CPU.ActiveCfg = Debug|Any CPU
		{151493B7-5F6C-4EA0-BF77-8EAC8D1D5902}.Debug|Any CPU.Build.0 = Debug|Any CPU
		{151493B7-5F6C-4EA0-BF77-8EAC8D1D5902}.Release|Any CPU.ActiveCfg = Release|Any CPU
		{151493B7-5F6C-4EA0-BF77-8EAC8D1D5902}.Release|Any CPU.Build.0 = Release|Any CPU
		{1CF0997A-E5CC-434B-857C-D331D416A065}.Debug|Any CPU.ActiveCfg = Debug|Any CPU
		{1CF0997A-E5CC-434B-857C-D331D416A065}.Debug|Any CPU.Build.0 = Debug|Any CPU
		{1CF0997A-E5CC-434B-857C-D331D416A065}.Release|Any CPU.ActiveCfg = Release|Any CPU
		{1CF0997A-E5CC-434B-857C-D331D416A065}.Release|Any CPU.Build.0 = Release|Any CPU
		{824A6DFE-EFD2-4D8A-823C-C5A4BAF764F1}.Debug|Any CPU.ActiveCfg = Debug|Any CPU
		{824A6DFE-EFD2-4D8A-823C-C5A4BAF764F1}.Debug|Any CPU.Build.0 = Debug|Any CPU
		{824A6DFE-EFD2-4D8A-823C-C5A4BAF764F1}.Release|Any CPU.ActiveCfg = Release|Any CPU
		{824A6DFE-EFD2-4D8A-823C-C5A4BAF764F1}.Release|Any CPU.Build.0 = Release|Any CPU
	EndGlobalSection
	GlobalSection(SolutionProperties) = preSolution
		HideSolutionNode = FALSE
	EndGlobalSection
	GlobalSection(NestedProjects) = preSolution
		{54D25690-E49F-4F6F-9762-47B51852BC9B} = {C6DE1242-1035-428B-8B45-3FC0464641C5}
		{CD93F1FD-E507-4689-979C-07F7689FEC24} = {A479D0B2-CA20-4E43-9293-4B4C02D7380B}
		{6362E6E8-1BA3-4FE1-A0F2-1A2413D5CB59} = {A479D0B2-CA20-4E43-9293-4B4C02D7380B}
		{3D8C759B-FE13-42D8-8765-6DEA3B66EBED} = {3C506D4E-42C9-4EE8-A771-CC175D05DBE8}
		{0F5F64B6-337D-494D-B943-C67314CB9030} = {3C506D4E-42C9-4EE8-A771-CC175D05DBE8}
		{B86D5A4A-9EEA-4FCD-A8AA-CA2DAB73CD10} = {3C506D4E-42C9-4EE8-A771-CC175D05DBE8}
		{8B7067CD-7FE9-4B98-8A8B-7CD95A23F802} = {C9C96748-8559-4F55-8BB1-47C5FB149B53}
		{C9C96748-8559-4F55-8BB1-47C5FB149B53} = {78211E02-0716-48CB-9501-B47ACA7AF86E}
		{3C506D4E-42C9-4EE8-A771-CC175D05DBE8} = {78211E02-0716-48CB-9501-B47ACA7AF86E}
		{A479D0B2-CA20-4E43-9293-4B4C02D7380B} = {78211E02-0716-48CB-9501-B47ACA7AF86E}
		{7809D4FB-1BDA-4862-845C-8B7DD6D66308} = {78211E02-0716-48CB-9501-B47ACA7AF86E}
		{03367EA1-9566-4479-9233-AB9A0F18476F} = {78211E02-0716-48CB-9501-B47ACA7AF86E}
		{BABF9CF2-FE48-4B01-9E1A-498CFB92F9F8} = {C9C96748-8559-4F55-8BB1-47C5FB149B53}
		{F0F95348-DE33-4A4F-8C02-6D379D27968B} = {03367EA1-9566-4479-9233-AB9A0F18476F}
		{64F69564-9746-4E86-B51B-6CD5ED286B35} = {7809D4FB-1BDA-4862-845C-8B7DD6D66308}
		{3614E51E-5B63-46FB-A43E-4654FAF12A0F} = {C9C96748-8559-4F55-8BB1-47C5FB149B53}
		{D52672E3-0563-4694-B1B8-18E823575C24} = {7809D4FB-1BDA-4862-845C-8B7DD6D66308}
		{87FABCCD-B26D-4032-B3F4-D1FF39EC44D6} = {C9C96748-8559-4F55-8BB1-47C5FB149B53}
		{7D7E6810-8EAE-4574-A70E-EF3EC3D7B2FC} = {C9C96748-8559-4F55-8BB1-47C5FB149B53}
		{151493B7-5F6C-4EA0-BF77-8EAC8D1D5902} = {A479D0B2-CA20-4E43-9293-4B4C02D7380B}
		{1CF0997A-E5CC-434B-857C-D331D416A065} = {C9C96748-8559-4F55-8BB1-47C5FB149B53}
		{824A6DFE-EFD2-4D8A-823C-C5A4BAF764F1} = {C9C96748-8559-4F55-8BB1-47C5FB149B53}
	EndGlobalSection
	GlobalSection(ExtensibilityGlobals) = postSolution
		SolutionGuid = {1569BA29-0CC6-4763-BE5F-E24DFE8EBCAF}
	EndGlobalSection
EndGlobal
